
Microsoft Visual Studio Solution File, Format Version 12.00
# Visual Studio 15
VisualStudioVersion = 15.0.27004.2002
MinimumVisualStudioVersion = 10.0.40219.1
Project("{FAE04EC0-301F-11D3-BF4B-00C04F79EFBC}") = "Atlas", "Source\System\Atlas\Atlas.csproj", "{A05C0A95-03A5-4B32-B351-791CD4DB5CAE}"
EndProject
Project("{2150E333-8FDC-42A3-9474-1A3956D46DE8}") = "Source", "Source", "{D853FAC4-4C94-4AEA-8D2B-63E57AAF3BC4}"
EndProject
Project("{2150E333-8FDC-42A3-9474-1A3956D46DE8}") = "System", "System", "{BC4D1195-337F-4EF3-A674-5FAEE65CC423}"
	ProjectSection(SolutionItems) = preProject
		Source\Modules\Atlas.Investments\packages.config = Source\Modules\Atlas.Investments\packages.config
	EndProjectSection
EndProject
Project("{2150E333-8FDC-42A3-9474-1A3956D46DE8}") = "Tests", "Tests", "{22B4EE57-C064-4066-B7F6-AD3B800D32CC}"
EndProject
Project("{2150E333-8FDC-42A3-9474-1A3956D46DE8}") = "Libraries", "Libraries", "{EAA8EED3-D6E3-4E0E-8254-CC20D9DAB723}"
EndProject
Project("{2150E333-8FDC-42A3-9474-1A3956D46DE8}") = "Libraries", "Libraries", "{971E3BEE-D0C4-432C-BA91-0053DDDB098F}"
EndProject
Project("{2150E333-8FDC-42A3-9474-1A3956D46DE8}") = "System", "System", "{E10699C4-90CB-4D3E-9A1A-69AA19E33841}"
EndProject
Project("{2150E333-8FDC-42A3-9474-1A3956D46DE8}") = "Modules", "Modules", "{5A6F5F72-F65B-465C-BC2C-64E4613708B0}"
EndProject
Project("{FAE04EC0-301F-11D3-BF4B-00C04F79EFBC}") = "Testing", "Tests\Testing\Testing.csproj", "{91E6211D-13EB-4714-AB90-D24F312CC0B7}"
EndProject
Project("{FAE04EC0-301F-11D3-BF4B-00C04F79EFBC}") = "Atlas.Contracts", "Source\System\Atlas.Contracts\Atlas.Contracts.csproj", "{A29B4A7A-9DDD-42F2-B157-D0F086CE4DF9}"
EndProject
Project("{FAE04EC0-301F-11D3-BF4B-00C04F79EFBC}") = "Common", "Source\Libraries\Common\Common.csproj", "{6B91944D-B123-41DF-8BA8-0CE7DCDBEBED}"
EndProject
Project("{FAE04EC0-301F-11D3-BF4B-00C04F79EFBC}") = "Common.Tests", "Tests\Libraries\Common.Tests\Common.Tests.csproj", "{8AE12AAB-4C51-46E0-A90D-9367DFC03119}"
EndProject
Project("{FAE04EC0-301F-11D3-BF4B-00C04F79EFBC}") = "Atlas.Contracts.Tests", "Tests\System\Atlas.Contracts.Tests\Atlas.Contracts.Tests.csproj", "{E2A6BCB0-7D99-451D-A633-E6C25DE893D4}"
EndProject
Project("{FAE04EC0-301F-11D3-BF4B-00C04F79EFBC}") = "Atlas.UIControls", "Source\System\Atlas.UIControls\Atlas.UIControls.csproj", "{3A787139-3EAB-4AD2-B1FD-5A02E41B9663}"
EndProject
Project("{2150E333-8FDC-42A3-9474-1A3956D46DE8}") = "Modules", "Modules", "{6ED46394-D1D1-4C6C-AE71-14C57B204112}"
EndProject
Project("{FAE04EC0-301F-11D3-BF4B-00C04F79EFBC}") = "Atlas.Investments.Tests", "Tests\Modules\Atlas.Investments.Tests\Atlas.Investments.Tests.csproj", "{0D58115C-DE9B-48C4-9BD0-F5FF17AE711D}"
EndProject
Project("{FAE04EC0-301F-11D3-BF4B-00C04F79EFBC}") = "Atlas.Investments", "Source\Modules\Atlas.Investments\Atlas.Investments.csproj", "{2FEC9C68-093A-431E-A43D-D2591C6E4286}"
EndProject
Project("{FAE04EC0-301F-11D3-BF4B-00C04F79EFBC}") = "Atlas.Tests", "Tests\System\Atlas.Tests\Atlas.Tests.csproj", "{91244D88-2202-442A-A71F-3B15E6CF065A}"
EndProject
Project("{FAE04EC0-301F-11D3-BF4B-00C04F79EFBC}") = "Infralution.Localization.Wpf", "Source\System\Infralution.Localization.Wpf\Infralution.Localization.Wpf.csproj", "{E3D700D5-BDFB-4777-8E9C-53E8F943AC58}"
EndProject
Project("{FAE04EC0-301F-11D3-BF4B-00C04F79EFBC}") = "Atlas.Configuration", "Source\Modules\Atlas.Configuration\Atlas.Configuration.csproj", "{4DF6CDF3-2810-4F79-B93E-178738B68483}"
EndProject
Project("{2150E333-8FDC-42A3-9474-1A3956D46DE8}") = "Solution Items", "Solution Items", "{234C2733-4068-470F-96ED-D111EBF9A10E}"
	ProjectSection(SolutionItems) = preProject
		Source\System\MetroChart\MainKey.snk = Source\System\MetroChart\MainKey.snk
		Source\System\MetroChart\XAMLReplace.targets = Source\System\MetroChart\XAMLReplace.targets
	EndProjectSection
EndProject
Project("{2150E333-8FDC-42A3-9474-1A3956D46DE8}") = "Libraries", "Libraries", "{5AF34993-CF54-45A1-A3E1-5EFDC7794BC1}"
EndProject
Project("{2150E333-8FDC-42A3-9474-1A3956D46DE8}") = "TestApplications", "TestApplications", "{C1E46203-E3D8-47EE-B26F-39013E9F102C}"
EndProject
Project("{FAE04EC0-301F-11D3-BF4B-00C04F79EFBC}") = "TestApplication.WinRT", "Source\System\MetroChart\TestApplication.WinRT\TestApplication.WinRT.csproj", "{DE51F78A-3783-4945-9D78-CE25F3BFA728}"
EndProject
Project("{FAE04EC0-301F-11D3-BF4B-00C04F79EFBC}") = "TestApplicationWPF", "Source\System\MetroChart\TestApplicationWPF\TestApplicationWPF.csproj", "{236C3E19-26D1-4C90-AF3D-A44696B641DE}"
EndProject
Project("{FAE04EC0-301F-11D3-BF4B-00C04F79EFBC}") = "De.TorstenMandelkow.MetroChart.WinRT", "Source\System\MetroChart\De.TorstenMandelkow.MetroChart.WinRT\De.TorstenMandelkow.MetroChart.WinRT.csproj", "{229F48A7-2922-4F26-AFC7-6A2DCE096E90}"
EndProject
Project("{FAE04EC0-301F-11D3-BF4B-00C04F79EFBC}") = "De.TorstenMandelkow.MetroChart.WPF", "Source\System\MetroChart\De.TorstenMandelkow.MetroChart.WPF\De.TorstenMandelkow.MetroChart.WPF.csproj", "{4AB4B0DB-780C-48B9-A642-8E527353D957}"
EndProject
Project("{FAE04EC0-301F-11D3-BF4B-00C04F79EFBC}") = "De.TorstenMandelkow.MetroChart.SL", "Source\System\MetroChart\De.TorstenMandelkow.MetroChart.SL\De.TorstenMandelkow.MetroChart.SL.csproj", "{46DD5FB9-30E3-488F-8FF5-13F33DC5A488}"
EndProject
Project("{FAE04EC0-301F-11D3-BF4B-00C04F79EFBC}") = "TestApplicationSL", "Source\System\MetroChart\TestApplicationSL\TestApplicationSL.csproj", "{8F0A4417-85C6-4545-B9B2-5FF99035E369}"
EndProject
Project("{FAE04EC0-301F-11D3-BF4B-00C04F79EFBC}") = "TestApplicationSL.Web", "Source\System\MetroChart\TestApplicationSL.Web\TestApplicationSL.Web.csproj", "{6C68FA92-873E-485E-8019-0B5EA7567CF7}"
EndProject
Project("{FAE04EC0-301F-11D3-BF4B-00C04F79EFBC}") = "De.TorstenMandelkow.MetroChart", "Source\System\MetroChart\De.TorstenMandelkow.MetroChart\De.TorstenMandelkow.MetroChart.csproj", "{FA286411-E476-4BD0-ABE9-7AE69226069C}"
EndProject
Project("{FAE04EC0-301F-11D3-BF4B-00C04F79EFBC}") = "TestApplication.Shared", "Source\System\MetroChart\TestApplication.Shared\TestApplication.Shared.csproj", "{BE0FB0DA-8BC0-4604-B865-F0DFC7E9FF10}"
EndProject
Project("{FAE04EC0-301F-11D3-BF4B-00C04F79EFBC}") = "Atlas_App_Help", "Source\Modules\Atlas_App_Help\Atlas_App_Help.csproj", "{08CBFF1E-EF37-4315-81A6-B9C72361E154}"
EndProject
Project("{2150E333-8FDC-42A3-9474-1A3956D46DE8}") = "Installation", "Installation", "{E1A5D7C2-E342-49FE-8D70-1AEFFBB95B66}"
EndProject
Project("{FAE04EC0-301F-11D3-BF4B-00C04F79EFBC}") = "AtlasInstall", "Source\Instalation\AtlasInstall\AtlasInstall.csproj", "{6328FCAC-C2C7-4ED8-802A-4201E80EAD94}"
EndProject
Project("{54435603-DBB4-11D2-8724-00A0C9A8B90C}") = "Setup1", "Setup1\Setup1.vdproj", "{414747F8-2C61-4D48-A768-3037D2A0C4C8}"
EndProject
Global
	GlobalSection(SolutionConfigurationPlatforms) = preSolution
		Debug|Any CPU = Debug|Any CPU
		Debug|ARM = Debug|ARM
		Debug|x64 = Debug|x64
		Debug|x86 = Debug|x86
		Release|Any CPU = Release|Any CPU
		Release|ARM = Release|ARM
		Release|x64 = Release|x64
		Release|x86 = Release|x86
	EndGlobalSection
	GlobalSection(ProjectConfigurationPlatforms) = postSolution
		{A05C0A95-03A5-4B32-B351-791CD4DB5CAE}.Debug|Any CPU.ActiveCfg = Debug|Any CPU
		{A05C0A95-03A5-4B32-B351-791CD4DB5CAE}.Debug|Any CPU.Build.0 = Debug|Any CPU
		{A05C0A95-03A5-4B32-B351-791CD4DB5CAE}.Debug|ARM.ActiveCfg = Debug|Any CPU
		{A05C0A95-03A5-4B32-B351-791CD4DB5CAE}.Debug|ARM.Build.0 = Debug|Any CPU
		{A05C0A95-03A5-4B32-B351-791CD4DB5CAE}.Debug|x64.ActiveCfg = Debug|Any CPU
		{A05C0A95-03A5-4B32-B351-791CD4DB5CAE}.Debug|x64.Build.0 = Debug|Any CPU
		{A05C0A95-03A5-4B32-B351-791CD4DB5CAE}.Debug|x86.ActiveCfg = Debug|Any CPU
		{A05C0A95-03A5-4B32-B351-791CD4DB5CAE}.Debug|x86.Build.0 = Debug|Any CPU
		{A05C0A95-03A5-4B32-B351-791CD4DB5CAE}.Release|Any CPU.ActiveCfg = Release|Any CPU
		{A05C0A95-03A5-4B32-B351-791CD4DB5CAE}.Release|Any CPU.Build.0 = Release|Any CPU
		{A05C0A95-03A5-4B32-B351-791CD4DB5CAE}.Release|ARM.ActiveCfg = Release|Any CPU
		{A05C0A95-03A5-4B32-B351-791CD4DB5CAE}.Release|ARM.Build.0 = Release|Any CPU
		{A05C0A95-03A5-4B32-B351-791CD4DB5CAE}.Release|x64.ActiveCfg = Release|Any CPU
		{A05C0A95-03A5-4B32-B351-791CD4DB5CAE}.Release|x64.Build.0 = Release|Any CPU
		{A05C0A95-03A5-4B32-B351-791CD4DB5CAE}.Release|x86.ActiveCfg = Release|Any CPU
		{A05C0A95-03A5-4B32-B351-791CD4DB5CAE}.Release|x86.Build.0 = Release|Any CPU
		{91E6211D-13EB-4714-AB90-D24F312CC0B7}.Debug|Any CPU.ActiveCfg = Debug|Any CPU
		{91E6211D-13EB-4714-AB90-D24F312CC0B7}.Debug|Any CPU.Build.0 = Debug|Any CPU
		{91E6211D-13EB-4714-AB90-D24F312CC0B7}.Debug|ARM.ActiveCfg = Debug|Any CPU
		{91E6211D-13EB-4714-AB90-D24F312CC0B7}.Debug|ARM.Build.0 = Debug|Any CPU
		{91E6211D-13EB-4714-AB90-D24F312CC0B7}.Debug|x64.ActiveCfg = Debug|Any CPU
		{91E6211D-13EB-4714-AB90-D24F312CC0B7}.Debug|x64.Build.0 = Debug|Any CPU
		{91E6211D-13EB-4714-AB90-D24F312CC0B7}.Debug|x86.ActiveCfg = Debug|Any CPU
		{91E6211D-13EB-4714-AB90-D24F312CC0B7}.Debug|x86.Build.0 = Debug|Any CPU
		{91E6211D-13EB-4714-AB90-D24F312CC0B7}.Release|Any CPU.ActiveCfg = Release|Any CPU
		{91E6211D-13EB-4714-AB90-D24F312CC0B7}.Release|Any CPU.Build.0 = Release|Any CPU
		{91E6211D-13EB-4714-AB90-D24F312CC0B7}.Release|ARM.ActiveCfg = Release|Any CPU
		{91E6211D-13EB-4714-AB90-D24F312CC0B7}.Release|ARM.Build.0 = Release|Any CPU
		{91E6211D-13EB-4714-AB90-D24F312CC0B7}.Release|x64.ActiveCfg = Release|Any CPU
		{91E6211D-13EB-4714-AB90-D24F312CC0B7}.Release|x64.Build.0 = Release|Any CPU
		{91E6211D-13EB-4714-AB90-D24F312CC0B7}.Release|x86.ActiveCfg = Release|Any CPU
		{91E6211D-13EB-4714-AB90-D24F312CC0B7}.Release|x86.Build.0 = Release|Any CPU
		{A29B4A7A-9DDD-42F2-B157-D0F086CE4DF9}.Debug|Any CPU.ActiveCfg = Debug|Any CPU
		{A29B4A7A-9DDD-42F2-B157-D0F086CE4DF9}.Debug|Any CPU.Build.0 = Debug|Any CPU
		{A29B4A7A-9DDD-42F2-B157-D0F086CE4DF9}.Debug|ARM.ActiveCfg = Debug|Any CPU
		{A29B4A7A-9DDD-42F2-B157-D0F086CE4DF9}.Debug|ARM.Build.0 = Debug|Any CPU
		{A29B4A7A-9DDD-42F2-B157-D0F086CE4DF9}.Debug|x64.ActiveCfg = Debug|Any CPU
		{A29B4A7A-9DDD-42F2-B157-D0F086CE4DF9}.Debug|x64.Build.0 = Debug|Any CPU
		{A29B4A7A-9DDD-42F2-B157-D0F086CE4DF9}.Debug|x86.ActiveCfg = Debug|Any CPU
		{A29B4A7A-9DDD-42F2-B157-D0F086CE4DF9}.Debug|x86.Build.0 = Debug|Any CPU
		{A29B4A7A-9DDD-42F2-B157-D0F086CE4DF9}.Release|Any CPU.ActiveCfg = Release|Any CPU
		{A29B4A7A-9DDD-42F2-B157-D0F086CE4DF9}.Release|Any CPU.Build.0 = Release|Any CPU
		{A29B4A7A-9DDD-42F2-B157-D0F086CE4DF9}.Release|ARM.ActiveCfg = Release|Any CPU
		{A29B4A7A-9DDD-42F2-B157-D0F086CE4DF9}.Release|ARM.Build.0 = Release|Any CPU
		{A29B4A7A-9DDD-42F2-B157-D0F086CE4DF9}.Release|x64.ActiveCfg = Release|Any CPU
		{A29B4A7A-9DDD-42F2-B157-D0F086CE4DF9}.Release|x64.Build.0 = Release|Any CPU
		{A29B4A7A-9DDD-42F2-B157-D0F086CE4DF9}.Release|x86.ActiveCfg = Release|Any CPU
		{A29B4A7A-9DDD-42F2-B157-D0F086CE4DF9}.Release|x86.Build.0 = Release|Any CPU
		{6B91944D-B123-41DF-8BA8-0CE7DCDBEBED}.Debug|Any CPU.ActiveCfg = Release|Any CPU
		{6B91944D-B123-41DF-8BA8-0CE7DCDBEBED}.Debug|Any CPU.Build.0 = Release|Any CPU
		{6B91944D-B123-41DF-8BA8-0CE7DCDBEBED}.Debug|ARM.ActiveCfg = Debug|Any CPU
		{6B91944D-B123-41DF-8BA8-0CE7DCDBEBED}.Debug|ARM.Build.0 = Debug|Any CPU
		{6B91944D-B123-41DF-8BA8-0CE7DCDBEBED}.Debug|x64.ActiveCfg = Debug|Any CPU
		{6B91944D-B123-41DF-8BA8-0CE7DCDBEBED}.Debug|x64.Build.0 = Debug|Any CPU
		{6B91944D-B123-41DF-8BA8-0CE7DCDBEBED}.Debug|x86.ActiveCfg = Debug|Any CPU
		{6B91944D-B123-41DF-8BA8-0CE7DCDBEBED}.Debug|x86.Build.0 = Debug|Any CPU
		{6B91944D-B123-41DF-8BA8-0CE7DCDBEBED}.Release|Any CPU.ActiveCfg = Release|Any CPU
		{6B91944D-B123-41DF-8BA8-0CE7DCDBEBED}.Release|Any CPU.Build.0 = Release|Any CPU
		{6B91944D-B123-41DF-8BA8-0CE7DCDBEBED}.Release|ARM.ActiveCfg = Release|Any CPU
		{6B91944D-B123-41DF-8BA8-0CE7DCDBEBED}.Release|ARM.Build.0 = Release|Any CPU
		{6B91944D-B123-41DF-8BA8-0CE7DCDBEBED}.Release|x64.ActiveCfg = Release|Any CPU
		{6B91944D-B123-41DF-8BA8-0CE7DCDBEBED}.Release|x64.Build.0 = Release|Any CPU
		{6B91944D-B123-41DF-8BA8-0CE7DCDBEBED}.Release|x86.ActiveCfg = Release|Any CPU
		{6B91944D-B123-41DF-8BA8-0CE7DCDBEBED}.Release|x86.Build.0 = Release|Any CPU
		{8AE12AAB-4C51-46E0-A90D-9367DFC03119}.Debug|Any CPU.ActiveCfg = Debug|Any CPU
		{8AE12AAB-4C51-46E0-A90D-9367DFC03119}.Debug|Any CPU.Build.0 = Debug|Any CPU
		{8AE12AAB-4C51-46E0-A90D-9367DFC03119}.Debug|ARM.ActiveCfg = Debug|Any CPU
		{8AE12AAB-4C51-46E0-A90D-9367DFC03119}.Debug|ARM.Build.0 = Debug|Any CPU
		{8AE12AAB-4C51-46E0-A90D-9367DFC03119}.Debug|x64.ActiveCfg = Debug|Any CPU
		{8AE12AAB-4C51-46E0-A90D-9367DFC03119}.Debug|x64.Build.0 = Debug|Any CPU
		{8AE12AAB-4C51-46E0-A90D-9367DFC03119}.Debug|x86.ActiveCfg = Debug|Any CPU
		{8AE12AAB-4C51-46E0-A90D-9367DFC03119}.Debug|x86.Build.0 = Debug|Any CPU
		{8AE12AAB-4C51-46E0-A90D-9367DFC03119}.Release|Any CPU.ActiveCfg = Release|Any CPU
		{8AE12AAB-4C51-46E0-A90D-9367DFC03119}.Release|Any CPU.Build.0 = Release|Any CPU
		{8AE12AAB-4C51-46E0-A90D-9367DFC03119}.Release|ARM.ActiveCfg = Release|Any CPU
		{8AE12AAB-4C51-46E0-A90D-9367DFC03119}.Release|ARM.Build.0 = Release|Any CPU
		{8AE12AAB-4C51-46E0-A90D-9367DFC03119}.Release|x64.ActiveCfg = Release|Any CPU
		{8AE12AAB-4C51-46E0-A90D-9367DFC03119}.Release|x64.Build.0 = Release|Any CPU
		{8AE12AAB-4C51-46E0-A90D-9367DFC03119}.Release|x86.ActiveCfg = Release|Any CPU
		{8AE12AAB-4C51-46E0-A90D-9367DFC03119}.Release|x86.Build.0 = Release|Any CPU
		{E2A6BCB0-7D99-451D-A633-E6C25DE893D4}.Debug|Any CPU.ActiveCfg = Debug|Any CPU
		{E2A6BCB0-7D99-451D-A633-E6C25DE893D4}.Debug|Any CPU.Build.0 = Debug|Any CPU
		{E2A6BCB0-7D99-451D-A633-E6C25DE893D4}.Debug|ARM.ActiveCfg = Debug|Any CPU
		{E2A6BCB0-7D99-451D-A633-E6C25DE893D4}.Debug|ARM.Build.0 = Debug|Any CPU
		{E2A6BCB0-7D99-451D-A633-E6C25DE893D4}.Debug|x64.ActiveCfg = Debug|Any CPU
		{E2A6BCB0-7D99-451D-A633-E6C25DE893D4}.Debug|x64.Build.0 = Debug|Any CPU
		{E2A6BCB0-7D99-451D-A633-E6C25DE893D4}.Debug|x86.ActiveCfg = Debug|Any CPU
		{E2A6BCB0-7D99-451D-A633-E6C25DE893D4}.Debug|x86.Build.0 = Debug|Any CPU
		{E2A6BCB0-7D99-451D-A633-E6C25DE893D4}.Release|Any CPU.ActiveCfg = Release|Any CPU
		{E2A6BCB0-7D99-451D-A633-E6C25DE893D4}.Release|Any CPU.Build.0 = Release|Any CPU
		{E2A6BCB0-7D99-451D-A633-E6C25DE893D4}.Release|ARM.ActiveCfg = Release|Any CPU
		{E2A6BCB0-7D99-451D-A633-E6C25DE893D4}.Release|ARM.Build.0 = Release|Any CPU
		{E2A6BCB0-7D99-451D-A633-E6C25DE893D4}.Release|x64.ActiveCfg = Release|Any CPU
		{E2A6BCB0-7D99-451D-A633-E6C25DE893D4}.Release|x64.Build.0 = Release|Any CPU
		{E2A6BCB0-7D99-451D-A633-E6C25DE893D4}.Release|x86.ActiveCfg = Release|Any CPU
		{E2A6BCB0-7D99-451D-A633-E6C25DE893D4}.Release|x86.Build.0 = Release|Any CPU
		{3A787139-3EAB-4AD2-B1FD-5A02E41B9663}.Debug|Any CPU.ActiveCfg = Debug|Any CPU
		{3A787139-3EAB-4AD2-B1FD-5A02E41B9663}.Debug|Any CPU.Build.0 = Debug|Any CPU
		{3A787139-3EAB-4AD2-B1FD-5A02E41B9663}.Debug|ARM.ActiveCfg = Debug|Any CPU
		{3A787139-3EAB-4AD2-B1FD-5A02E41B9663}.Debug|ARM.Build.0 = Debug|Any CPU
		{3A787139-3EAB-4AD2-B1FD-5A02E41B9663}.Debug|x64.ActiveCfg = Debug|Any CPU
		{3A787139-3EAB-4AD2-B1FD-5A02E41B9663}.Debug|x64.Build.0 = Debug|Any CPU
		{3A787139-3EAB-4AD2-B1FD-5A02E41B9663}.Debug|x86.ActiveCfg = Debug|Any CPU
		{3A787139-3EAB-4AD2-B1FD-5A02E41B9663}.Debug|x86.Build.0 = Debug|Any CPU
		{3A787139-3EAB-4AD2-B1FD-5A02E41B9663}.Release|Any CPU.ActiveCfg = Release|Any CPU
		{3A787139-3EAB-4AD2-B1FD-5A02E41B9663}.Release|Any CPU.Build.0 = Release|Any CPU
		{3A787139-3EAB-4AD2-B1FD-5A02E41B9663}.Release|ARM.ActiveCfg = Release|Any CPU
		{3A787139-3EAB-4AD2-B1FD-5A02E41B9663}.Release|ARM.Build.0 = Release|Any CPU
		{3A787139-3EAB-4AD2-B1FD-5A02E41B9663}.Release|x64.ActiveCfg = Release|Any CPU
		{3A787139-3EAB-4AD2-B1FD-5A02E41B9663}.Release|x64.Build.0 = Release|Any CPU
		{3A787139-3EAB-4AD2-B1FD-5A02E41B9663}.Release|x86.ActiveCfg = Release|Any CPU
		{3A787139-3EAB-4AD2-B1FD-5A02E41B9663}.Release|x86.Build.0 = Release|Any CPU
		{0D58115C-DE9B-48C4-9BD0-F5FF17AE711D}.Debug|Any CPU.ActiveCfg = Debug|Any CPU
		{0D58115C-DE9B-48C4-9BD0-F5FF17AE711D}.Debug|Any CPU.Build.0 = Debug|Any CPU
		{0D58115C-DE9B-48C4-9BD0-F5FF17AE711D}.Debug|ARM.ActiveCfg = Debug|Any CPU
		{0D58115C-DE9B-48C4-9BD0-F5FF17AE711D}.Debug|x64.ActiveCfg = Debug|Any CPU
		{0D58115C-DE9B-48C4-9BD0-F5FF17AE711D}.Debug|x86.ActiveCfg = Debug|Any CPU
		{0D58115C-DE9B-48C4-9BD0-F5FF17AE711D}.Release|Any CPU.ActiveCfg = Release|Any CPU
		{0D58115C-DE9B-48C4-9BD0-F5FF17AE711D}.Release|Any CPU.Build.0 = Release|Any CPU
		{0D58115C-DE9B-48C4-9BD0-F5FF17AE711D}.Release|ARM.ActiveCfg = Release|Any CPU
		{0D58115C-DE9B-48C4-9BD0-F5FF17AE711D}.Release|x64.ActiveCfg = Release|Any CPU
		{0D58115C-DE9B-48C4-9BD0-F5FF17AE711D}.Release|x86.ActiveCfg = Release|Any CPU
		{2FEC9C68-093A-431E-A43D-D2591C6E4286}.Debug|Any CPU.ActiveCfg = Debug|Any CPU
		{2FEC9C68-093A-431E-A43D-D2591C6E4286}.Debug|Any CPU.Build.0 = Debug|Any CPU
		{2FEC9C68-093A-431E-A43D-D2591C6E4286}.Debug|ARM.ActiveCfg = Debug|Any CPU
		{2FEC9C68-093A-431E-A43D-D2591C6E4286}.Debug|ARM.Build.0 = Debug|Any CPU
		{2FEC9C68-093A-431E-A43D-D2591C6E4286}.Debug|x64.ActiveCfg = Debug|Any CPU
		{2FEC9C68-093A-431E-A43D-D2591C6E4286}.Debug|x64.Build.0 = Debug|Any CPU
		{2FEC9C68-093A-431E-A43D-D2591C6E4286}.Debug|x86.ActiveCfg = Debug|Any CPU
		{2FEC9C68-093A-431E-A43D-D2591C6E4286}.Debug|x86.Build.0 = Debug|Any CPU
		{2FEC9C68-093A-431E-A43D-D2591C6E4286}.Release|Any CPU.ActiveCfg = Release|Any CPU
		{2FEC9C68-093A-431E-A43D-D2591C6E4286}.Release|Any CPU.Build.0 = Release|Any CPU
		{2FEC9C68-093A-431E-A43D-D2591C6E4286}.Release|ARM.ActiveCfg = Release|Any CPU
		{2FEC9C68-093A-431E-A43D-D2591C6E4286}.Release|ARM.Build.0 = Release|Any CPU
		{2FEC9C68-093A-431E-A43D-D2591C6E4286}.Release|x64.ActiveCfg = Release|Any CPU
		{2FEC9C68-093A-431E-A43D-D2591C6E4286}.Release|x64.Build.0 = Release|Any CPU
		{2FEC9C68-093A-431E-A43D-D2591C6E4286}.Release|x86.ActiveCfg = Release|Any CPU
		{2FEC9C68-093A-431E-A43D-D2591C6E4286}.Release|x86.Build.0 = Release|Any CPU
		{91244D88-2202-442A-A71F-3B15E6CF065A}.Debug|Any CPU.ActiveCfg = Debug|Any CPU
		{91244D88-2202-442A-A71F-3B15E6CF065A}.Debug|Any CPU.Build.0 = Debug|Any CPU
		{91244D88-2202-442A-A71F-3B15E6CF065A}.Debug|ARM.ActiveCfg = Debug|Any CPU
		{91244D88-2202-442A-A71F-3B15E6CF065A}.Debug|ARM.Build.0 = Debug|Any CPU
		{91244D88-2202-442A-A71F-3B15E6CF065A}.Debug|x64.ActiveCfg = Debug|Any CPU
		{91244D88-2202-442A-A71F-3B15E6CF065A}.Debug|x64.Build.0 = Debug|Any CPU
		{91244D88-2202-442A-A71F-3B15E6CF065A}.Debug|x86.ActiveCfg = Debug|Any CPU
		{91244D88-2202-442A-A71F-3B15E6CF065A}.Debug|x86.Build.0 = Debug|Any CPU
		{91244D88-2202-442A-A71F-3B15E6CF065A}.Release|Any CPU.ActiveCfg = Release|Any CPU
		{91244D88-2202-442A-A71F-3B15E6CF065A}.Release|Any CPU.Build.0 = Release|Any CPU
		{91244D88-2202-442A-A71F-3B15E6CF065A}.Release|ARM.ActiveCfg = Release|Any CPU
		{91244D88-2202-442A-A71F-3B15E6CF065A}.Release|ARM.Build.0 = Release|Any CPU
		{91244D88-2202-442A-A71F-3B15E6CF065A}.Release|x64.ActiveCfg = Release|Any CPU
		{91244D88-2202-442A-A71F-3B15E6CF065A}.Release|x64.Build.0 = Release|Any CPU
		{91244D88-2202-442A-A71F-3B15E6CF065A}.Release|x86.ActiveCfg = Release|Any CPU
		{91244D88-2202-442A-A71F-3B15E6CF065A}.Release|x86.Build.0 = Release|Any CPU
		{E3D700D5-BDFB-4777-8E9C-53E8F943AC58}.Debug|Any CPU.ActiveCfg = Release|Any CPU
		{E3D700D5-BDFB-4777-8E9C-53E8F943AC58}.Debug|Any CPU.Build.0 = Release|Any CPU
		{E3D700D5-BDFB-4777-8E9C-53E8F943AC58}.Debug|ARM.ActiveCfg = Debug|Any CPU
		{E3D700D5-BDFB-4777-8E9C-53E8F943AC58}.Debug|ARM.Build.0 = Debug|Any CPU
		{E3D700D5-BDFB-4777-8E9C-53E8F943AC58}.Debug|x64.ActiveCfg = Debug|Any CPU
		{E3D700D5-BDFB-4777-8E9C-53E8F943AC58}.Debug|x64.Build.0 = Debug|Any CPU
		{E3D700D5-BDFB-4777-8E9C-53E8F943AC58}.Debug|x86.ActiveCfg = Debug|Any CPU
		{E3D700D5-BDFB-4777-8E9C-53E8F943AC58}.Debug|x86.Build.0 = Debug|Any CPU
		{E3D700D5-BDFB-4777-8E9C-53E8F943AC58}.Release|Any CPU.ActiveCfg = Release|Any CPU
		{E3D700D5-BDFB-4777-8E9C-53E8F943AC58}.Release|Any CPU.Build.0 = Release|Any CPU
		{E3D700D5-BDFB-4777-8E9C-53E8F943AC58}.Release|ARM.ActiveCfg = Release|Any CPU
		{E3D700D5-BDFB-4777-8E9C-53E8F943AC58}.Release|ARM.Build.0 = Release|Any CPU
		{E3D700D5-BDFB-4777-8E9C-53E8F943AC58}.Release|x64.ActiveCfg = Release|Any CPU
		{E3D700D5-BDFB-4777-8E9C-53E8F943AC58}.Release|x64.Build.0 = Release|Any CPU
		{E3D700D5-BDFB-4777-8E9C-53E8F943AC58}.Release|x86.ActiveCfg = Release|Any CPU
		{E3D700D5-BDFB-4777-8E9C-53E8F943AC58}.Release|x86.Build.0 = Release|Any CPU
		{4DF6CDF3-2810-4F79-B93E-178738B68483}.Debug|Any CPU.ActiveCfg = Release|Any CPU
		{4DF6CDF3-2810-4F79-B93E-178738B68483}.Debug|Any CPU.Build.0 = Release|Any CPU
		{4DF6CDF3-2810-4F79-B93E-178738B68483}.Debug|ARM.ActiveCfg = Debug|Any CPU
		{4DF6CDF3-2810-4F79-B93E-178738B68483}.Debug|ARM.Build.0 = Debug|Any CPU
		{4DF6CDF3-2810-4F79-B93E-178738B68483}.Debug|x64.ActiveCfg = Debug|Any CPU
		{4DF6CDF3-2810-4F79-B93E-178738B68483}.Debug|x64.Build.0 = Debug|Any CPU
		{4DF6CDF3-2810-4F79-B93E-178738B68483}.Debug|x86.ActiveCfg = Debug|Any CPU
		{4DF6CDF3-2810-4F79-B93E-178738B68483}.Debug|x86.Build.0 = Debug|Any CPU
		{4DF6CDF3-2810-4F79-B93E-178738B68483}.Release|Any CPU.ActiveCfg = Release|Any CPU
		{4DF6CDF3-2810-4F79-B93E-178738B68483}.Release|Any CPU.Build.0 = Release|Any CPU
		{4DF6CDF3-2810-4F79-B93E-178738B68483}.Release|ARM.ActiveCfg = Release|Any CPU
		{4DF6CDF3-2810-4F79-B93E-178738B68483}.Release|ARM.Build.0 = Release|Any CPU
		{4DF6CDF3-2810-4F79-B93E-178738B68483}.Release|x64.ActiveCfg = Release|Any CPU
		{4DF6CDF3-2810-4F79-B93E-178738B68483}.Release|x64.Build.0 = Release|Any CPU
		{4DF6CDF3-2810-4F79-B93E-178738B68483}.Release|x86.ActiveCfg = Release|Any CPU
		{4DF6CDF3-2810-4F79-B93E-178738B68483}.Release|x86.Build.0 = Release|Any CPU
		{DE51F78A-3783-4945-9D78-CE25F3BFA728}.Debug|Any CPU.ActiveCfg = Debug|Any CPU
		{DE51F78A-3783-4945-9D78-CE25F3BFA728}.Debug|Any CPU.Build.0 = Debug|Any CPU
		{DE51F78A-3783-4945-9D78-CE25F3BFA728}.Debug|Any CPU.Deploy.0 = Debug|Any CPU
		{DE51F78A-3783-4945-9D78-CE25F3BFA728}.Debug|ARM.ActiveCfg = Debug|ARM
		{DE51F78A-3783-4945-9D78-CE25F3BFA728}.Debug|ARM.Build.0 = Debug|ARM
		{DE51F78A-3783-4945-9D78-CE25F3BFA728}.Debug|ARM.Deploy.0 = Debug|ARM
		{DE51F78A-3783-4945-9D78-CE25F3BFA728}.Debug|x64.ActiveCfg = Debug|x64
		{DE51F78A-3783-4945-9D78-CE25F3BFA728}.Debug|x64.Build.0 = Debug|x64
		{DE51F78A-3783-4945-9D78-CE25F3BFA728}.Debug|x64.Deploy.0 = Debug|x64
		{DE51F78A-3783-4945-9D78-CE25F3BFA728}.Debug|x86.ActiveCfg = Debug|x86
		{DE51F78A-3783-4945-9D78-CE25F3BFA728}.Debug|x86.Build.0 = Debug|x86
		{DE51F78A-3783-4945-9D78-CE25F3BFA728}.Debug|x86.Deploy.0 = Debug|x86
		{DE51F78A-3783-4945-9D78-CE25F3BFA728}.Release|Any CPU.ActiveCfg = Release|Any CPU
		{DE51F78A-3783-4945-9D78-CE25F3BFA728}.Release|Any CPU.Build.0 = Release|Any CPU
		{DE51F78A-3783-4945-9D78-CE25F3BFA728}.Release|Any CPU.Deploy.0 = Release|Any CPU
		{DE51F78A-3783-4945-9D78-CE25F3BFA728}.Release|ARM.ActiveCfg = Release|ARM
		{DE51F78A-3783-4945-9D78-CE25F3BFA728}.Release|ARM.Build.0 = Release|ARM
		{DE51F78A-3783-4945-9D78-CE25F3BFA728}.Release|ARM.Deploy.0 = Release|ARM
		{DE51F78A-3783-4945-9D78-CE25F3BFA728}.Release|x64.ActiveCfg = Release|x64
		{DE51F78A-3783-4945-9D78-CE25F3BFA728}.Release|x64.Build.0 = Release|x64
		{DE51F78A-3783-4945-9D78-CE25F3BFA728}.Release|x64.Deploy.0 = Release|x64
		{DE51F78A-3783-4945-9D78-CE25F3BFA728}.Release|x86.ActiveCfg = Release|x86
		{DE51F78A-3783-4945-9D78-CE25F3BFA728}.Release|x86.Build.0 = Release|x86
		{DE51F78A-3783-4945-9D78-CE25F3BFA728}.Release|x86.Deploy.0 = Release|x86
		{236C3E19-26D1-4C90-AF3D-A44696B641DE}.Debug|Any CPU.ActiveCfg = Debug|Any CPU
		{236C3E19-26D1-4C90-AF3D-A44696B641DE}.Debug|Any CPU.Build.0 = Debug|Any CPU
		{236C3E19-26D1-4C90-AF3D-A44696B641DE}.Debug|ARM.ActiveCfg = Debug|Any CPU
		{236C3E19-26D1-4C90-AF3D-A44696B641DE}.Debug|x64.ActiveCfg = Debug|Any CPU
		{236C3E19-26D1-4C90-AF3D-A44696B641DE}.Debug|x86.ActiveCfg = Debug|Any CPU
		{236C3E19-26D1-4C90-AF3D-A44696B641DE}.Release|Any CPU.ActiveCfg = Release|Any CPU
		{236C3E19-26D1-4C90-AF3D-A44696B641DE}.Release|Any CPU.Build.0 = Release|Any CPU
		{236C3E19-26D1-4C90-AF3D-A44696B641DE}.Release|ARM.ActiveCfg = Release|Any CPU
		{236C3E19-26D1-4C90-AF3D-A44696B641DE}.Release|x64.ActiveCfg = Release|Any CPU
		{236C3E19-26D1-4C90-AF3D-A44696B641DE}.Release|x86.ActiveCfg = Release|Any CPU
		{229F48A7-2922-4F26-AFC7-6A2DCE096E90}.Debug|Any CPU.ActiveCfg = Debug|Any CPU
		{229F48A7-2922-4F26-AFC7-6A2DCE096E90}.Debug|Any CPU.Build.0 = Debug|Any CPU
		{229F48A7-2922-4F26-AFC7-6A2DCE096E90}.Debug|ARM.ActiveCfg = Debug|ARM
		{229F48A7-2922-4F26-AFC7-6A2DCE096E90}.Debug|ARM.Build.0 = Debug|ARM
		{229F48A7-2922-4F26-AFC7-6A2DCE096E90}.Debug|x64.ActiveCfg = Debug|x64
		{229F48A7-2922-4F26-AFC7-6A2DCE096E90}.Debug|x64.Build.0 = Debug|x64
		{229F48A7-2922-4F26-AFC7-6A2DCE096E90}.Debug|x86.ActiveCfg = Debug|x86
		{229F48A7-2922-4F26-AFC7-6A2DCE096E90}.Debug|x86.Build.0 = Debug|x86
		{229F48A7-2922-4F26-AFC7-6A2DCE096E90}.Release|Any CPU.ActiveCfg = Release|Any CPU
		{229F48A7-2922-4F26-AFC7-6A2DCE096E90}.Release|Any CPU.Build.0 = Release|Any CPU
		{229F48A7-2922-4F26-AFC7-6A2DCE096E90}.Release|ARM.ActiveCfg = Release|ARM
		{229F48A7-2922-4F26-AFC7-6A2DCE096E90}.Release|ARM.Build.0 = Release|ARM
		{229F48A7-2922-4F26-AFC7-6A2DCE096E90}.Release|x64.ActiveCfg = Release|x64
		{229F48A7-2922-4F26-AFC7-6A2DCE096E90}.Release|x64.Build.0 = Release|x64
		{229F48A7-2922-4F26-AFC7-6A2DCE096E90}.Release|x86.ActiveCfg = Release|x86
		{229F48A7-2922-4F26-AFC7-6A2DCE096E90}.Release|x86.Build.0 = Release|x86
		{4AB4B0DB-780C-48B9-A642-8E527353D957}.Debug|Any CPU.ActiveCfg = Debug|Any CPU
		{4AB4B0DB-780C-48B9-A642-8E527353D957}.Debug|Any CPU.Build.0 = Debug|Any CPU
		{4AB4B0DB-780C-48B9-A642-8E527353D957}.Debug|ARM.ActiveCfg = Debug|Any CPU
		{4AB4B0DB-780C-48B9-A642-8E527353D957}.Debug|x64.ActiveCfg = Debug|Any CPU
		{4AB4B0DB-780C-48B9-A642-8E527353D957}.Debug|x86.ActiveCfg = Debug|Any CPU
		{4AB4B0DB-780C-48B9-A642-8E527353D957}.Release|Any CPU.ActiveCfg = Release|Any CPU
		{4AB4B0DB-780C-48B9-A642-8E527353D957}.Release|Any CPU.Build.0 = Release|Any CPU
		{4AB4B0DB-780C-48B9-A642-8E527353D957}.Release|ARM.ActiveCfg = Release|Any CPU
		{4AB4B0DB-780C-48B9-A642-8E527353D957}.Release|x64.ActiveCfg = Release|Any CPU
		{4AB4B0DB-780C-48B9-A642-8E527353D957}.Release|x86.ActiveCfg = Release|Any CPU
		{46DD5FB9-30E3-488F-8FF5-13F33DC5A488}.Debug|Any CPU.ActiveCfg = Debug|Any CPU
		{46DD5FB9-30E3-488F-8FF5-13F33DC5A488}.Debug|Any CPU.Build.0 = Debug|Any CPU
		{46DD5FB9-30E3-488F-8FF5-13F33DC5A488}.Debug|ARM.ActiveCfg = Debug|Any CPU
		{46DD5FB9-30E3-488F-8FF5-13F33DC5A488}.Debug|x64.ActiveCfg = Debug|Any CPU
		{46DD5FB9-30E3-488F-8FF5-13F33DC5A488}.Debug|x86.ActiveCfg = Debug|Any CPU
		{46DD5FB9-30E3-488F-8FF5-13F33DC5A488}.Release|Any CPU.ActiveCfg = Release|Any CPU
		{46DD5FB9-30E3-488F-8FF5-13F33DC5A488}.Release|Any CPU.Build.0 = Release|Any CPU
		{46DD5FB9-30E3-488F-8FF5-13F33DC5A488}.Release|ARM.ActiveCfg = Release|Any CPU
		{46DD5FB9-30E3-488F-8FF5-13F33DC5A488}.Release|x64.ActiveCfg = Release|Any CPU
		{46DD5FB9-30E3-488F-8FF5-13F33DC5A488}.Release|x86.ActiveCfg = Release|Any CPU
		{8F0A4417-85C6-4545-B9B2-5FF99035E369}.Debug|Any CPU.ActiveCfg = Debug|Any CPU
		{8F0A4417-85C6-4545-B9B2-5FF99035E369}.Debug|Any CPU.Build.0 = Debug|Any CPU
		{8F0A4417-85C6-4545-B9B2-5FF99035E369}.Debug|ARM.ActiveCfg = Debug|Any CPU
		{8F0A4417-85C6-4545-B9B2-5FF99035E369}.Debug|x64.ActiveCfg = Debug|Any CPU
		{8F0A4417-85C6-4545-B9B2-5FF99035E369}.Debug|x86.ActiveCfg = Debug|Any CPU
		{8F0A4417-85C6-4545-B9B2-5FF99035E369}.Release|Any CPU.ActiveCfg = Release|Any CPU
		{8F0A4417-85C6-4545-B9B2-5FF99035E369}.Release|Any CPU.Build.0 = Release|Any CPU
		{8F0A4417-85C6-4545-B9B2-5FF99035E369}.Release|ARM.ActiveCfg = Release|Any CPU
		{8F0A4417-85C6-4545-B9B2-5FF99035E369}.Release|x64.ActiveCfg = Release|Any CPU
		{8F0A4417-85C6-4545-B9B2-5FF99035E369}.Release|x86.ActiveCfg = Release|Any CPU
		{6C68FA92-873E-485E-8019-0B5EA7567CF7}.Debug|Any CPU.ActiveCfg = Debug|Any CPU
		{6C68FA92-873E-485E-8019-0B5EA7567CF7}.Debug|Any CPU.Build.0 = Debug|Any CPU
		{6C68FA92-873E-485E-8019-0B5EA7567CF7}.Debug|ARM.ActiveCfg = Debug|Any CPU
		{6C68FA92-873E-485E-8019-0B5EA7567CF7}.Debug|x64.ActiveCfg = Debug|Any CPU
		{6C68FA92-873E-485E-8019-0B5EA7567CF7}.Debug|x86.ActiveCfg = Debug|Any CPU
		{6C68FA92-873E-485E-8019-0B5EA7567CF7}.Release|Any CPU.ActiveCfg = Release|Any CPU
		{6C68FA92-873E-485E-8019-0B5EA7567CF7}.Release|Any CPU.Build.0 = Release|Any CPU
		{6C68FA92-873E-485E-8019-0B5EA7567CF7}.Release|ARM.ActiveCfg = Release|Any CPU
		{6C68FA92-873E-485E-8019-0B5EA7567CF7}.Release|x64.ActiveCfg = Release|Any CPU
		{6C68FA92-873E-485E-8019-0B5EA7567CF7}.Release|x86.ActiveCfg = Release|Any CPU
		{FA286411-E476-4BD0-ABE9-7AE69226069C}.Debug|Any CPU.ActiveCfg = Release|Any CPU
		{FA286411-E476-4BD0-ABE9-7AE69226069C}.Debug|ARM.ActiveCfg = Debug|Any CPU
		{FA286411-E476-4BD0-ABE9-7AE69226069C}.Debug|x64.ActiveCfg = Debug|Any CPU
		{FA286411-E476-4BD0-ABE9-7AE69226069C}.Debug|x86.ActiveCfg = Debug|Any CPU
		{FA286411-E476-4BD0-ABE9-7AE69226069C}.Release|Any CPU.ActiveCfg = Release|Any CPU
		{FA286411-E476-4BD0-ABE9-7AE69226069C}.Release|Any CPU.Build.0 = Release|Any CPU
		{FA286411-E476-4BD0-ABE9-7AE69226069C}.Release|ARM.ActiveCfg = Release|Any CPU
		{FA286411-E476-4BD0-ABE9-7AE69226069C}.Release|x64.ActiveCfg = Release|Any CPU
		{FA286411-E476-4BD0-ABE9-7AE69226069C}.Release|x86.ActiveCfg = Release|Any CPU
		{BE0FB0DA-8BC0-4604-B865-F0DFC7E9FF10}.Debug|Any CPU.ActiveCfg = Debug|Any CPU
		{BE0FB0DA-8BC0-4604-B865-F0DFC7E9FF10}.Debug|Any CPU.Build.0 = Debug|Any CPU
		{BE0FB0DA-8BC0-4604-B865-F0DFC7E9FF10}.Debug|ARM.ActiveCfg = Debug|Any CPU
		{BE0FB0DA-8BC0-4604-B865-F0DFC7E9FF10}.Debug|x64.ActiveCfg = Debug|Any CPU
		{BE0FB0DA-8BC0-4604-B865-F0DFC7E9FF10}.Debug|x86.ActiveCfg = Debug|Any CPU
		{BE0FB0DA-8BC0-4604-B865-F0DFC7E9FF10}.Release|Any CPU.ActiveCfg = Release|Any CPU
		{BE0FB0DA-8BC0-4604-B865-F0DFC7E9FF10}.Release|Any CPU.Build.0 = Release|Any CPU
		{BE0FB0DA-8BC0-4604-B865-F0DFC7E9FF10}.Release|ARM.ActiveCfg = Release|Any CPU
		{BE0FB0DA-8BC0-4604-B865-F0DFC7E9FF10}.Release|x64.ActiveCfg = Release|Any CPU
		{BE0FB0DA-8BC0-4604-B865-F0DFC7E9FF10}.Release|x86.ActiveCfg = Release|Any CPU
		{08CBFF1E-EF37-4315-81A6-B9C72361E154}.Debug|Any CPU.ActiveCfg = Debug|Any CPU
		{08CBFF1E-EF37-4315-81A6-B9C72361E154}.Debug|Any CPU.Build.0 = Debug|Any CPU
		{08CBFF1E-EF37-4315-81A6-B9C72361E154}.Debug|ARM.ActiveCfg = Debug|Any CPU
		{08CBFF1E-EF37-4315-81A6-B9C72361E154}.Debug|ARM.Build.0 = Debug|Any CPU
		{08CBFF1E-EF37-4315-81A6-B9C72361E154}.Debug|x64.ActiveCfg = Debug|Any CPU
		{08CBFF1E-EF37-4315-81A6-B9C72361E154}.Debug|x64.Build.0 = Debug|Any CPU
		{08CBFF1E-EF37-4315-81A6-B9C72361E154}.Debug|x86.ActiveCfg = Debug|Any CPU
		{08CBFF1E-EF37-4315-81A6-B9C72361E154}.Debug|x86.Build.0 = Debug|Any CPU
		{08CBFF1E-EF37-4315-81A6-B9C72361E154}.Release|Any CPU.ActiveCfg = Release|Any CPU
		{08CBFF1E-EF37-4315-81A6-B9C72361E154}.Release|Any CPU.Build.0 = Release|Any CPU
		{08CBFF1E-EF37-4315-81A6-B9C72361E154}.Release|ARM.ActiveCfg = Release|Any CPU
		{08CBFF1E-EF37-4315-81A6-B9C72361E154}.Release|ARM.Build.0 = Release|Any CPU
		{08CBFF1E-EF37-4315-81A6-B9C72361E154}.Release|x64.ActiveCfg = Release|Any CPU
		{08CBFF1E-EF37-4315-81A6-B9C72361E154}.Release|x64.Build.0 = Release|Any CPU
		{08CBFF1E-EF37-4315-81A6-B9C72361E154}.Release|x86.ActiveCfg = Release|Any CPU
		{08CBFF1E-EF37-4315-81A6-B9C72361E154}.Release|x86.Build.0 = Release|Any CPU
		{6328FCAC-C2C7-4ED8-802A-4201E80EAD94}.Debug|Any CPU.ActiveCfg = Debug|Any CPU
		{6328FCAC-C2C7-4ED8-802A-4201E80EAD94}.Debug|Any CPU.Build.0 = Debug|Any CPU
		{6328FCAC-C2C7-4ED8-802A-4201E80EAD94}.Debug|ARM.ActiveCfg = Debug|Any CPU
		{6328FCAC-C2C7-4ED8-802A-4201E80EAD94}.Debug|ARM.Build.0 = Debug|Any CPU
		{6328FCAC-C2C7-4ED8-802A-4201E80EAD94}.Debug|x64.ActiveCfg = Debug|Any CPU
		{6328FCAC-C2C7-4ED8-802A-4201E80EAD94}.Debug|x64.Build.0 = Debug|Any CPU
		{6328FCAC-C2C7-4ED8-802A-4201E80EAD94}.Debug|x86.ActiveCfg = Debug|Any CPU
		{6328FCAC-C2C7-4ED8-802A-4201E80EAD94}.Debug|x86.Build.0 = Debug|Any CPU
		{6328FCAC-C2C7-4ED8-802A-4201E80EAD94}.Release|Any CPU.ActiveCfg = Release|Any CPU
		{6328FCAC-C2C7-4ED8-802A-4201E80EAD94}.Release|Any CPU.Build.0 = Release|Any CPU
		{6328FCAC-C2C7-4ED8-802A-4201E80EAD94}.Release|ARM.ActiveCfg = Release|Any CPU
		{6328FCAC-C2C7-4ED8-802A-4201E80EAD94}.Release|ARM.Build.0 = Release|Any CPU
		{6328FCAC-C2C7-4ED8-802A-4201E80EAD94}.Release|x64.ActiveCfg = Release|Any CPU
		{6328FCAC-C2C7-4ED8-802A-4201E80EAD94}.Release|x64.Build.0 = Release|Any CPU
		{6328FCAC-C2C7-4ED8-802A-4201E80EAD94}.Release|x86.ActiveCfg = Release|Any CPU
		{6328FCAC-C2C7-4ED8-802A-4201E80EAD94}.Release|x86.Build.0 = Release|Any CPU
		{414747F8-2C61-4D48-A768-3037D2A0C4C8}.Debug|Any CPU.ActiveCfg = Debug
		{414747F8-2C61-4D48-A768-3037D2A0C4C8}.Debug|ARM.ActiveCfg = Debug
		{414747F8-2C61-4D48-A768-3037D2A0C4C8}.Debug|x64.ActiveCfg = Debug
		{414747F8-2C61-4D48-A768-3037D2A0C4C8}.Debug|x86.ActiveCfg = Debug
		{414747F8-2C61-4D48-A768-3037D2A0C4C8}.Release|Any CPU.ActiveCfg = Release
		{414747F8-2C61-4D48-A768-3037D2A0C4C8}.Release|ARM.ActiveCfg = Release
		{414747F8-2C61-4D48-A768-3037D2A0C4C8}.Release|x64.ActiveCfg = Release
		{414747F8-2C61-4D48-A768-3037D2A0C4C8}.Release|x86.ActiveCfg = Release
	EndGlobalSection
	GlobalSection(SolutionProperties) = preSolution
		HideSolutionNode = FALSE
	EndGlobalSection
	GlobalSection(NestedProjects) = preSolution
		{A05C0A95-03A5-4B32-B351-791CD4DB5CAE} = {BC4D1195-337F-4EF3-A674-5FAEE65CC423}
		{BC4D1195-337F-4EF3-A674-5FAEE65CC423} = {D853FAC4-4C94-4AEA-8D2B-63E57AAF3BC4}
		{EAA8EED3-D6E3-4E0E-8254-CC20D9DAB723} = {D853FAC4-4C94-4AEA-8D2B-63E57AAF3BC4}
		{971E3BEE-D0C4-432C-BA91-0053DDDB098F} = {22B4EE57-C064-4066-B7F6-AD3B800D32CC}
		{E10699C4-90CB-4D3E-9A1A-69AA19E33841} = {22B4EE57-C064-4066-B7F6-AD3B800D32CC}
		{5A6F5F72-F65B-465C-BC2C-64E4613708B0} = {22B4EE57-C064-4066-B7F6-AD3B800D32CC}
		{91E6211D-13EB-4714-AB90-D24F312CC0B7} = {22B4EE57-C064-4066-B7F6-AD3B800D32CC}
		{A29B4A7A-9DDD-42F2-B157-D0F086CE4DF9} = {BC4D1195-337F-4EF3-A674-5FAEE65CC423}
		{6B91944D-B123-41DF-8BA8-0CE7DCDBEBED} = {EAA8EED3-D6E3-4E0E-8254-CC20D9DAB723}
		{8AE12AAB-4C51-46E0-A90D-9367DFC03119} = {971E3BEE-D0C4-432C-BA91-0053DDDB098F}
		{E2A6BCB0-7D99-451D-A633-E6C25DE893D4} = {E10699C4-90CB-4D3E-9A1A-69AA19E33841}
		{3A787139-3EAB-4AD2-B1FD-5A02E41B9663} = {BC4D1195-337F-4EF3-A674-5FAEE65CC423}
		{6ED46394-D1D1-4C6C-AE71-14C57B204112} = {D853FAC4-4C94-4AEA-8D2B-63E57AAF3BC4}
		{0D58115C-DE9B-48C4-9BD0-F5FF17AE711D} = {5A6F5F72-F65B-465C-BC2C-64E4613708B0}
		{2FEC9C68-093A-431E-A43D-D2591C6E4286} = {6ED46394-D1D1-4C6C-AE71-14C57B204112}
		{91244D88-2202-442A-A71F-3B15E6CF065A} = {E10699C4-90CB-4D3E-9A1A-69AA19E33841}
		{E3D700D5-BDFB-4777-8E9C-53E8F943AC58} = {BC4D1195-337F-4EF3-A674-5FAEE65CC423}
		{4DF6CDF3-2810-4F79-B93E-178738B68483} = {6ED46394-D1D1-4C6C-AE71-14C57B204112}
		{234C2733-4068-470F-96ED-D111EBF9A10E} = {BC4D1195-337F-4EF3-A674-5FAEE65CC423}
		{5AF34993-CF54-45A1-A3E1-5EFDC7794BC1} = {BC4D1195-337F-4EF3-A674-5FAEE65CC423}
		{C1E46203-E3D8-47EE-B26F-39013E9F102C} = {BC4D1195-337F-4EF3-A674-5FAEE65CC423}
		{DE51F78A-3783-4945-9D78-CE25F3BFA728} = {C1E46203-E3D8-47EE-B26F-39013E9F102C}
		{236C3E19-26D1-4C90-AF3D-A44696B641DE} = {C1E46203-E3D8-47EE-B26F-39013E9F102C}
		{229F48A7-2922-4F26-AFC7-6A2DCE096E90} = {5AF34993-CF54-45A1-A3E1-5EFDC7794BC1}
		{4AB4B0DB-780C-48B9-A642-8E527353D957} = {5AF34993-CF54-45A1-A3E1-5EFDC7794BC1}
		{46DD5FB9-30E3-488F-8FF5-13F33DC5A488} = {5AF34993-CF54-45A1-A3E1-5EFDC7794BC1}
		{8F0A4417-85C6-4545-B9B2-5FF99035E369} = {C1E46203-E3D8-47EE-B26F-39013E9F102C}
		{6C68FA92-873E-485E-8019-0B5EA7567CF7} = {C1E46203-E3D8-47EE-B26F-39013E9F102C}
		{FA286411-E476-4BD0-ABE9-7AE69226069C} = {BC4D1195-337F-4EF3-A674-5FAEE65CC423}
		{BE0FB0DA-8BC0-4604-B865-F0DFC7E9FF10} = {C1E46203-E3D8-47EE-B26F-39013E9F102C}
		{08CBFF1E-EF37-4315-81A6-B9C72361E154} = {6ED46394-D1D1-4C6C-AE71-14C57B204112}
		{E1A5D7C2-E342-49FE-8D70-1AEFFBB95B66} = {D853FAC4-4C94-4AEA-8D2B-63E57AAF3BC4}
		{6328FCAC-C2C7-4ED8-802A-4201E80EAD94} = {E1A5D7C2-E342-49FE-8D70-1AEFFBB95B66}
		{414747F8-2C61-4D48-A768-3037D2A0C4C8} = {E1A5D7C2-E342-49FE-8D70-1AEFFBB95B66}
	EndGlobalSection
	GlobalSection(ExtensibilityGlobals) = postSolution
		SolutionGuid = {DC2D3F35-A2BC-47CB-B596-5A57453D17EA}
	EndGlobalSection
EndGlobal
