
Microsoft Visual Studio Solution File, Format Version 12.00
# Visual Studio 14
VisualStudioVersion = 14.0.23107.0
MinimumVisualStudioVersion = 10.0.40219.1
Project("{FAE04EC0-301F-11D3-BF4B-00C04F79EFBC}") = "Atlas.Investments", "Atlas.Investments.csproj", "{2FEC9C68-093A-431E-A43D-D2591C6E4286}"
EndProject
Global
	GlobalSection(SolutionConfigurationPlatforms) = preSolution
		Debug|Any CPU = Debug|Any CPU
		Release|Any CPU = Release|Any CPU
	EndGlobalSection
	GlobalSection(ProjectConfigurationPlatforms) = postSolution
		{2FEC9C68-093A-431E-A43D-D2591C6E4286}.Debug|Any CPU.ActiveCfg = Debug|Any CPU
		{2FEC9C68-093A-431E-A43D-D2591C6E4286}.Debug|Any CPU.Build.0 = Debug|Any CPU
		{2FEC9C68-093A-431E-A43D-D2591C6E4286}.Release|Any CPU.ActiveCfg = Release|Any CPU
		{2FEC9C68-093A-431E-A43D-D2591C6E4286}.Release|Any CPU.Build.0 = Release|Any CPU
	EndGlobalSection
	GlobalSection(SolutionProperties) = preSolution
		HideSolutionNode = FALSE
	EndGlobalSection
EndGlobal
